
Microsoft Visual Studio Solution File, Format Version 12.00
# Visual Studio 15
VisualStudioVersion = 15.0.26430.16
MinimumVisualStudioVersion = 10.0.40219.1
Project("{9A19103F-16F7-4668-BE54-9A1E7A4F7556}") = "Sandwych.JsonRpc", "src\Sandwych.JsonRpc\Sandwych.JsonRpc.csproj", "{4BB5841E-2292-4C70-9015-D9914240D51A}"
EndProject
Project("{9A19103F-16F7-4668-BE54-9A1E7A4F7556}") = "Sandwych.JsonRpc.Test", "src\Sandwych.JsonRpc.Test\Sandwych.JsonRpc.Test.csproj", "{10169F7D-6E1F-4031-9345-0DD0091D0A7B}"
EndProject
Global
	GlobalSection(SolutionConfigurationPlatforms) = preSolution
		Debug|Any CPU = Debug|Any CPU
		Release|Any CPU = Release|Any CPU
	EndGlobalSection
	GlobalSection(ProjectConfigurationPlatforms) = postSolution
		{4BB5841E-2292-4C70-9015-D9914240D51A}.Debug|Any CPU.ActiveCfg = Debug|Any CPU
		{4BB5841E-2292-4C70-9015-D9914240D51A}.Debug|Any CPU.Build.0 = Debug|Any CPU
		{4BB5841E-2292-4C70-9015-D9914240D51A}.Release|Any CPU.ActiveCfg = Release|Any CPU
		{4BB5841E-2292-4C70-9015-D9914240D51A}.Release|Any CPU.Build.0 = Release|Any CPU
		{10169F7D-6E1F-4031-9345-0DD0091D0A7B}.Debug|Any CPU.ActiveCfg = Debug|Any CPU
		{10169F7D-6E1F-4031-9345-0DD0091D0A7B}.Debug|Any CPU.Build.0 = Debug|Any CPU
		{10169F7D-6E1F-4031-9345-0DD0091D0A7B}.Release|Any CPU.ActiveCfg = Release|Any CPU
		{10169F7D-6E1F-4031-9345-0DD0091D0A7B}.Release|Any CPU.Build.0 = Release|Any CPU
	EndGlobalSection
	GlobalSection(SolutionProperties) = preSolution
		HideSolutionNode = FALSE
	EndGlobalSection
EndGlobal
